
Microsoft Visual Studio Solution File, Format Version 12.00
# Visual Studio Version 17
VisualStudioVersion = 17.14.36616.10 d17.14
MinimumVisualStudioVersion = 10.0.40219.1
Project("{8BC9CEB8-8B4A-11D0-8D11-00A0C91BC942}") = "Project1", "Project1\Project1.vcxproj", "{784E3453-211F-445F-8957-28273C1ABF9E}"
EndProject
Global
	GlobalSection(SolutionConfigurationPlatforms) = preSolution
		Debug|x64 = Debug|x64
		Debug|x86 = Debug|x86
		Release|x64 = Release|x64
		Release|x86 = Release|x86
	EndGlobalSection
	GlobalSection(ProjectConfigurationPlatforms) = postSolution
		{784E3453-211F-445F-8957-28273C1ABF9E}.Debug|x64.ActiveCfg = Debug|x64
		{784E3453-211F-445F-8957-28273C1ABF9E}.Debug|x64.Build.0 = Debug|x64
		{784E3453-211F-445F-8957-28273C1ABF9E}.Debug|x86.ActiveCfg = Debug|Win32
		{784E3453-211F-445F-8957-28273C1ABF9E}.Debug|x86.Build.0 = Debug|Win32
		{784E3453-211F-445F-8957-28273C1ABF9E}.Release|x64.ActiveCfg = Release|x64
		{784E3453-211F-445F-8957-28273C1ABF9E}.Release|x64.Build.0 = Release|x64
		{784E3453-211F-445F-8957-28273C1ABF9E}.Release|x86.ActiveCfg = Release|Win32
		{784E3453-211F-445F-8957-28273C1ABF9E}.Release|x86.Build.0 = Release|Win32
	EndGlobalSection
	GlobalSection(SolutionProperties) = preSolution
		HideSolutionNode = FALSE
	EndGlobalSection
	GlobalSection(ExtensibilityGlobals) = postSolution
		SolutionGuid = {4E57FDB5-D027-41D1-B2C7-41E363C7E65A}
	EndGlobalSection
EndGlobal
